// !$*UTF8*$!
{
	archiveVersion = 1;
	classes = {
	};
	objectVersion = 56;
	objects = {

/* Begin PBXBuildFile section */
		AA000001 /* SkrynApp.swift in Sources */ = {isa = PBXBuildFile; fileRef = AB000001 /* SkrynApp.swift */; };
		AA000002 /* AppDelegate.swift in Sources */ = {isa = PBXBuildFile; fileRef = AB000002 /* AppDelegate.swift */; };
		AA000003 /* ScreenCapture.swift in Sources */ = {isa = PBXBuildFile; fileRef = AB000003 /* ScreenCapture.swift */; };
		AA000004 /* AnnotationWindow.swift in Sources */ = {isa = PBXBuildFile; fileRef = AB000004 /* AnnotationWindow.swift */; };
		AA000005 /* AnnotationView.swift in Sources */ = {isa = PBXBuildFile; fileRef = AB000005 /* AnnotationView.swift */; };
		AA000006 /* Annotation.swift in Sources */ = {isa = PBXBuildFile; fileRef = AB000006 /* Annotation.swift */; };
		AA000007 /* Assets.xcassets in Resources */ = {isa = PBXBuildFile; fileRef = AB000007 /* Assets.xcassets */; };
		AA000008 /* UploadcareService.swift in Sources */ = {isa = PBXBuildFile; fileRef = AB000011 /* UploadcareService.swift */; };
		AA000009 /* UploadHistory.swift in Sources */ = {isa = PBXBuildFile; fileRef = AB000012 /* UploadHistory.swift */; };
		AA000010 /* SettingsPanel.swift in Sources */ = {isa = PBXBuildFile; fileRef = AB000013 /* SettingsPanel.swift */; };
		AA000011 /* HotkeyRecorderButton.swift in Sources */ = {isa = PBXBuildFile; fileRef = AB000014 /* HotkeyRecorderButton.swift */; };
		AA000012 /* AboutPanel.swift in Sources */ = {isa = PBXBuildFile; fileRef = AB000015 /* AboutPanel.swift */; };
		AA000013 /* SelectionOverlay.swift in Sources */ = {isa = PBXBuildFile; fileRef = AB000017 /* SelectionOverlay.swift */; };
		AA000014 /* ScreenRecorder.swift in Sources */ = {isa = PBXBuildFile; fileRef = AB000018 /* ScreenRecorder.swift */; };
		AA000015 /* RecordingPanel.swift in Sources */ = {isa = PBXBuildFile; fileRef = AB000019 /* RecordingPanel.swift */; };
		AA000016 /* RecordingOptions.swift in Sources */ = {isa = PBXBuildFile; fileRef = AB000020 /* RecordingOptions.swift */; };
		AA000017 /* RecordingChrome.swift in Sources */ = {isa = PBXBuildFile; fileRef = AB000021 /* RecordingChrome.swift */; };
		AA000018 /* KeystrokeOverlay.swift in Sources */ = {isa = PBXBuildFile; fileRef = AB000022 /* KeystrokeOverlay.swift */; };
		AA000019 /* WebcamBubble.swift in Sources */ = {isa = PBXBuildFile; fileRef = AB000023 /* WebcamBubble.swift */; };
		AA000020 /* AnnotationTool.swift in Sources */ = {isa = PBXBuildFile; fileRef = AB000024 /* AnnotationTool.swift */; };
		AA000021 /* AnnotationToolbar.swift in Sources */ = {isa = PBXBuildFile; fileRef = AB000025 /* AnnotationToolbar.swift */; };
		AA000022 /* UploadProvider.swift in Sources */ = {isa = PBXBuildFile; fileRef = AB000026 /* UploadProvider.swift */; };
		AA000023 /* Notifier.swift in Sources */ = {isa = PBXBuildFile; fileRef = AB000027 /* Notifier.swift */; };
		AA000027 /* StatusHUD.swift in Sources */ = {isa = PBXBuildFile; fileRef = AB000031 /* StatusHUD.swift */; };
		AA000028 /* HUDKit.swift in Sources */ = {isa = PBXBuildFile; fileRef = AB000032 /* HUDKit.swift */; };
		AA000030 /* OutputSettings.swift in Sources */ = {isa = PBXBuildFile; fileRef = AB000033 /* OutputSettings.swift */; };
		AA000031 /* ImageEncoder.swift in Sources */ = {isa = PBXBuildFile; fileRef = AB000034 /* ImageEncoder.swift */; };
		AA000032 /* VideoExporter.swift in Sources */ = {isa = PBXBuildFile; fileRef = AB000035 /* VideoExporter.swift */; };
		AA000033 /* StatusMenu.swift in Sources */ = {isa = PBXBuildFile; fileRef = AB000036 /* StatusMenu.swift */; };
		AA000051 /* AnnotationView+Text.swift in Sources */ = {isa = PBXBuildFile; fileRef = AB000054 /* AnnotationView+Text.swift */; };
		AA000052 /* AnnotationView+Commands.swift in Sources */ = {isa = PBXBuildFile; fileRef = AB000055 /* AnnotationView+Commands.swift */; };
		AA000053 /* CanvasViewport.swift in Sources */ = {isa = PBXBuildFile; fileRef = AB000056 /* CanvasViewport.swift */; };
		AA000038 /* AnnotationRenderer.swift in Sources */ = {isa = PBXBuildFile; fileRef = AB000041 /* AnnotationRenderer.swift */; };
		AA000039 /* Preferences.swift in Sources */ = {isa = PBXBuildFile; fileRef = AB000042 /* Preferences.swift */; };
		AA000040 /* SettingsKit.swift in Sources */ = {isa = PBXBuildFile; fileRef = AB000043 /* SettingsKit.swift */; };
		AA000041 /* SettingsSections.swift in Sources */ = {isa = PBXBuildFile; fileRef = AB000044 /* SettingsSections.swift */; };
		AA000042 /* CaptureSettingsSections.swift in Sources */ = {isa = PBXBuildFile; fileRef = AB000045 /* CaptureSettingsSections.swift */; };
		AA000043 /* HotkeyCenter.swift in Sources */ = {isa = PBXBuildFile; fileRef = AB000046 /* HotkeyCenter.swift */; };
		AA000044 /* RecordingSession.swift in Sources */ = {isa = PBXBuildFile; fileRef = AB000047 /* RecordingSession.swift */; };
		AA000045 /* RecordingOptionsBar.swift in Sources */ = {isa = PBXBuildFile; fileRef = AB000048 /* RecordingOptionsBar.swift */; };
		AA000046 /* Problems.swift in Sources */ = {isa = PBXBuildFile; fileRef = AB000049 /* Problems.swift */; };
		AA000047 /* UploadCoordinator.swift in Sources */ = {isa = PBXBuildFile; fileRef = AB000050 /* UploadCoordinator.swift */; };
		AA000048 /* OutputDelivery.swift in Sources */ = {isa = PBXBuildFile; fileRef = AB000051 /* OutputDelivery.swift */; };
		AA000049 /* MenuBarController.swift in Sources */ = {isa = PBXBuildFile; fileRef = AB000052 /* MenuBarController.swift */; };
		AA000050 /* WindowPresenter.swift in Sources */ = {isa = PBXBuildFile; fileRef = AB000053 /* WindowPresenter.swift */; };
		AA000035 /* MenuBar.swift in Sources */ = {isa = PBXBuildFile; fileRef = AB000038 /* MenuBar.swift */; };
		AA000036 /* MenuBarSettingsSection.swift in Sources */ = {isa = PBXBuildFile; fileRef = AB000039 /* MenuBarSettingsSection.swift */; };
		AA000037 /* DropboxSetupGuide.swift in Sources */ = {isa = PBXBuildFile; fileRef = AB000040 /* DropboxSetupGuide.swift */; };
		AA000034 /* AnnotationViewSupport.swift in Sources */ = {isa = PBXBuildFile; fileRef = AB000037 /* AnnotationViewSupport.swift */; };
		AA100010 /* ImageEncoderTests.swift in Sources */ = {isa = PBXBuildFile; fileRef = AB100011 /* ImageEncoderTests.swift */; };
		AA100011 /* VideoExporterTests.swift in Sources */ = {isa = PBXBuildFile; fileRef = AB100012 /* VideoExporterTests.swift */; };
		AA000024 /* DropboxClient.swift in Sources */ = {isa = PBXBuildFile; fileRef = AB000028 /* DropboxClient.swift */; };
		AA000025 /* UploadcareProvider.swift in Sources */ = {isa = PBXBuildFile; fileRef = AB000029 /* UploadcareProvider.swift */; };
		AA000026 /* DropboxProvider.swift in Sources */ = {isa = PBXBuildFile; fileRef = AB000030 /* DropboxProvider.swift */; };
		AA100001 /* AnnotationViewTests.swift in Sources */ = {isa = PBXBuildFile; fileRef = AB100001 /* AnnotationViewTests.swift */; };
		AA100002 /* UploadcareServiceTests.swift in Sources */ = {isa = PBXBuildFile; fileRef = AB100003 /* UploadcareServiceTests.swift */; };
		AA100003 /* UploadHistoryTests.swift in Sources */ = {isa = PBXBuildFile; fileRef = AB100004 /* UploadHistoryTests.swift */; };
		AA100012 /* ProblemsTests.swift in Sources */ = {isa = PBXBuildFile; fileRef = AB100013 /* ProblemsTests.swift */; };
		AA100013 /* CanvasViewportTests.swift in Sources */ = {isa = PBXBuildFile; fileRef = AB100014 /* CanvasViewportTests.swift */; };
		AA100004 /* HotkeyRecorderButtonTests.swift in Sources */ = {isa = PBXBuildFile; fileRef = AB100005 /* HotkeyRecorderButtonTests.swift */; };
		AA100005 /* CaptureAreaTests.swift in Sources */ = {isa = PBXBuildFile; fileRef = AB100006 /* CaptureAreaTests.swift */; };
		AA100006 /* KeystrokeOverlayTests.swift in Sources */ = {isa = PBXBuildFile; fileRef = AB100007 /* KeystrokeOverlayTests.swift */; };
		AA100007 /* WebcamBubbleTests.swift in Sources */ = {isa = PBXBuildFile; fileRef = AB100008 /* WebcamBubbleTests.swift */; };
		AA100008 /* DropboxClientTests.swift in Sources */ = {isa = PBXBuildFile; fileRef = AB100009 /* DropboxClientTests.swift */; };
		AA100009 /* UploadProvidersTests.swift in Sources */ = {isa = PBXBuildFile; fileRef = AB100010 /* UploadProvidersTests.swift */; };
		AA000029 /* libwebp in Frameworks */ = {isa = PBXBuildFile; productRef = AG000002 /* libwebp */; };
/* End PBXBuildFile section */

/* Begin PBXContainerItemProxy section */
		AE100005 /* PBXContainerItemProxy */ = {
			isa = PBXContainerItemProxy;
			containerPortal = AE000004 /* Project object */;
			proxyType = 1;
			remoteGlobalIDString = AE000001;
			remoteInfo = Skryn;
		};
/* End PBXContainerItemProxy section */

/* Begin PBXFileReference section */
		AB000001 /* SkrynApp.swift */ = {isa = PBXFileReference; lastKnownFileType = sourcecode.swift; path = SkrynApp.swift; sourceTree = "<group>"; };
		AB000002 /* AppDelegate.swift */ = {isa = PBXFileReference; lastKnownFileType = sourcecode.swift; path = AppDelegate.swift; sourceTree = "<group>"; };
		AB000003 /* ScreenCapture.swift */ = {isa = PBXFileReference; lastKnownFileType = sourcecode.swift; path = ScreenCapture.swift; sourceTree = "<group>"; };
		AB000004 /* AnnotationWindow.swift */ = {isa = PBXFileReference; lastKnownFileType = sourcecode.swift; path = AnnotationWindow.swift; sourceTree = "<group>"; };
		AB000005 /* AnnotationView.swift */ = {isa = PBXFileReference; lastKnownFileType = sourcecode.swift; path = AnnotationView.swift; sourceTree = "<group>"; };
		AB000006 /* Annotation.swift */ = {isa = PBXFileReference; lastKnownFileType = sourcecode.swift; path = Annotation.swift; sourceTree = "<group>"; };
		AB000007 /* Assets.xcassets */ = {isa = PBXFileReference; lastKnownFileType = folder.assetcatalog; path = Assets.xcassets; sourceTree = "<group>"; };
		AB000008 /* Skryn.entitlements */ = {isa = PBXFileReference; lastKnownFileType = text.plist.entitlements; path = Skryn.entitlements; sourceTree = "<group>"; };
		AB000009 /* Info.plist */ = {isa = PBXFileReference; lastKnownFileType = text.plist.xml; path = Info.plist; sourceTree = "<group>"; };
		AB000010 /* Skryn.app */ = {isa = PBXFileReference; explicitFileType = wrapper.application; includeInIndex = 0; path = Skryn.app; sourceTree = BUILT_PRODUCTS_DIR; };
		AB000011 /* UploadcareService.swift */ = {isa = PBXFileReference; lastKnownFileType = sourcecode.swift; path = UploadcareService.swift; sourceTree = "<group>"; };
		AB000012 /* UploadHistory.swift */ = {isa = PBXFileReference; lastKnownFileType = sourcecode.swift; path = UploadHistory.swift; sourceTree = "<group>"; };
		AB000013 /* SettingsPanel.swift */ = {isa = PBXFileReference; lastKnownFileType = sourcecode.swift; path = SettingsPanel.swift; sourceTree = "<group>"; };
		AB000014 /* HotkeyRecorderButton.swift */ = {isa = PBXFileReference; lastKnownFileType = sourcecode.swift; path = HotkeyRecorderButton.swift; sourceTree = "<group>"; };
		AB000015 /* AboutPanel.swift */ = {isa = PBXFileReference; lastKnownFileType = sourcecode.swift; path = AboutPanel.swift; sourceTree = "<group>"; };
		AB000016 /* Signing.xcconfig */ = {isa = PBXFileReference; lastKnownFileType = text.xcconfig; path = Signing.xcconfig; sourceTree = "<group>"; };
		AB000017 /* SelectionOverlay.swift */ = {isa = PBXFileReference; lastKnownFileType = sourcecode.swift; path = SelectionOverlay.swift; sourceTree = "<group>"; };
		AB000018 /* ScreenRecorder.swift */ = {isa = PBXFileReference; lastKnownFileType = sourcecode.swift; path = ScreenRecorder.swift; sourceTree = "<group>"; };
		AB000019 /* RecordingPanel.swift */ = {isa = PBXFileReference; lastKnownFileType = sourcecode.swift; path = RecordingPanel.swift; sourceTree = "<group>"; };
		AB000020 /* RecordingOptions.swift */ = {isa = PBXFileReference; lastKnownFileType = sourcecode.swift; path = RecordingOptions.swift; sourceTree = "<group>"; };
		AB000021 /* RecordingChrome.swift */ = {isa = PBXFileReference; lastKnownFileType = sourcecode.swift; path = RecordingChrome.swift; sourceTree = "<group>"; };
		AB000022 /* KeystrokeOverlay.swift */ = {isa = PBXFileReference; lastKnownFileType = sourcecode.swift; path = KeystrokeOverlay.swift; sourceTree = "<group>"; };
		AB000023 /* WebcamBubble.swift */ = {isa = PBXFileReference; lastKnownFileType = sourcecode.swift; path = WebcamBubble.swift; sourceTree = "<group>"; };
		AB000024 /* AnnotationTool.swift */ = {isa = PBXFileReference; lastKnownFileType = sourcecode.swift; path = AnnotationTool.swift; sourceTree = "<group>"; };
		AB000025 /* AnnotationToolbar.swift */ = {isa = PBXFileReference; lastKnownFileType = sourcecode.swift; path = AnnotationToolbar.swift; sourceTree = "<group>"; };
		AB000026 /* UploadProvider.swift */ = {isa = PBXFileReference; lastKnownFileType = sourcecode.swift; path = UploadProvider.swift; sourceTree = "<group>"; };
		AB000027 /* Notifier.swift */ = {isa = PBXFileReference; lastKnownFileType = sourcecode.swift; path = Notifier.swift; sourceTree = "<group>"; };
		AB000031 /* StatusHUD.swift */ = {isa = PBXFileReference; lastKnownFileType = sourcecode.swift; path = StatusHUD.swift; sourceTree = "<group>"; };
		AB000032 /* HUDKit.swift */ = {isa = PBXFileReference; lastKnownFileType = sourcecode.swift; path = HUDKit.swift; sourceTree = "<group>"; };
		AB000033 /* OutputSettings.swift */ = {isa = PBXFileReference; lastKnownFileType = sourcecode.swift; path = OutputSettings.swift; sourceTree = "<group>"; };
		AB000034 /* ImageEncoder.swift */ = {isa = PBXFileReference; lastKnownFileType = sourcecode.swift; path = ImageEncoder.swift; sourceTree = "<group>"; };
		AB000035 /* VideoExporter.swift */ = {isa = PBXFileReference; lastKnownFileType = sourcecode.swift; path = VideoExporter.swift; sourceTree = "<group>"; };
		AB000036 /* StatusMenu.swift */ = {isa = PBXFileReference; lastKnownFileType = sourcecode.swift; path = StatusMenu.swift; sourceTree = "<group>"; };
		AB000054 /* AnnotationView+Text.swift */ = {isa = PBXFileReference; lastKnownFileType = sourcecode.swift; path = "AnnotationView+Text.swift"; sourceTree = "<group>"; };
		AB000055 /* AnnotationView+Commands.swift */ = {isa = PBXFileReference; lastKnownFileType = sourcecode.swift; path = "AnnotationView+Commands.swift"; sourceTree = "<group>"; };
		AB000056 /* CanvasViewport.swift */ = {isa = PBXFileReference; lastKnownFileType = sourcecode.swift; path = "CanvasViewport.swift"; sourceTree = "<group>"; };
		AB000041 /* AnnotationRenderer.swift */ = {isa = PBXFileReference; lastKnownFileType = sourcecode.swift; path = AnnotationRenderer.swift; sourceTree = "<group>"; };
		AB000042 /* Preferences.swift */ = {isa = PBXFileReference; lastKnownFileType = sourcecode.swift; path = Preferences.swift; sourceTree = "<group>"; };
		AB000043 /* SettingsKit.swift */ = {isa = PBXFileReference; lastKnownFileType = sourcecode.swift; path = SettingsKit.swift; sourceTree = "<group>"; };
		AB000044 /* SettingsSections.swift */ = {isa = PBXFileReference; lastKnownFileType = sourcecode.swift; path = SettingsSections.swift; sourceTree = "<group>"; };
		AB000045 /* CaptureSettingsSections.swift */ = {isa = PBXFileReference; lastKnownFileType = sourcecode.swift; path = CaptureSettingsSections.swift; sourceTree = "<group>"; };
		AB000046 /* HotkeyCenter.swift */ = {isa = PBXFileReference; lastKnownFileType = sourcecode.swift; path = HotkeyCenter.swift; sourceTree = "<group>"; };
		AB000047 /* RecordingSession.swift */ = {isa = PBXFileReference; lastKnownFileType = sourcecode.swift; path = RecordingSession.swift; sourceTree = "<group>"; };
		AB000048 /* RecordingOptionsBar.swift */ = {isa = PBXFileReference; lastKnownFileType = sourcecode.swift; path = RecordingOptionsBar.swift; sourceTree = "<group>"; };
		AB000049 /* Problems.swift */ = {isa = PBXFileReference; lastKnownFileType = sourcecode.swift; path = Problems.swift; sourceTree = "<group>"; };
		AB000050 /* UploadCoordinator.swift */ = {isa = PBXFileReference; lastKnownFileType = sourcecode.swift; path = UploadCoordinator.swift; sourceTree = "<group>"; };
		AB000051 /* OutputDelivery.swift */ = {isa = PBXFileReference; lastKnownFileType = sourcecode.swift; path = OutputDelivery.swift; sourceTree = "<group>"; };
		AB000052 /* MenuBarController.swift */ = {isa = PBXFileReference; lastKnownFileType = sourcecode.swift; path = MenuBarController.swift; sourceTree = "<group>"; };
		AB000053 /* WindowPresenter.swift */ = {isa = PBXFileReference; lastKnownFileType = sourcecode.swift; path = WindowPresenter.swift; sourceTree = "<group>"; };
		AB000038 /* MenuBar.swift */ = {isa = PBXFileReference; lastKnownFileType = sourcecode.swift; path = MenuBar.swift; sourceTree = "<group>"; };
		AB000039 /* MenuBarSettingsSection.swift */ = {isa = PBXFileReference; lastKnownFileType = sourcecode.swift; path = MenuBarSettingsSection.swift; sourceTree = "<group>"; };
		AB000040 /* DropboxSetupGuide.swift */ = {isa = PBXFileReference; lastKnownFileType = sourcecode.swift; path = DropboxSetupGuide.swift; sourceTree = "<group>"; };
		AB000037 /* AnnotationViewSupport.swift */ = {isa = PBXFileReference; lastKnownFileType = sourcecode.swift; path = AnnotationViewSupport.swift; sourceTree = "<group>"; };
		AB100011 /* ImageEncoderTests.swift */ = {isa = PBXFileReference; lastKnownFileType = sourcecode.swift; path = ImageEncoderTests.swift; sourceTree = "<group>"; };
		AB100012 /* VideoExporterTests.swift */ = {isa = PBXFileReference; lastKnownFileType = sourcecode.swift; path = VideoExporterTests.swift; sourceTree = "<group>"; };
		AB000028 /* DropboxClient.swift */ = {isa = PBXFileReference; lastKnownFileType = sourcecode.swift; path = DropboxClient.swift; sourceTree = "<group>"; };
		AB000029 /* UploadcareProvider.swift */ = {isa = PBXFileReference; lastKnownFileType = sourcecode.swift; path = UploadcareProvider.swift; sourceTree = "<group>"; };
		AB000030 /* DropboxProvider.swift */ = {isa = PBXFileReference; lastKnownFileType = sourcecode.swift; path = DropboxProvider.swift; sourceTree = "<group>"; };
		AB100001 /* AnnotationViewTests.swift */ = {isa = PBXFileReference; lastKnownFileType = sourcecode.swift; path = AnnotationViewTests.swift; sourceTree = "<group>"; };
		AB100002 /* SkrynTests.xctest */ = {isa = PBXFileReference; explicitFileType = wrapper.cfbundle; includeInIndex = 0; path = SkrynTests.xctest; sourceTree = BUILT_PRODUCTS_DIR; };
		AB100003 /* UploadcareServiceTests.swift */ = {isa = PBXFileReference; lastKnownFileType = sourcecode.swift; path = UploadcareServiceTests.swift; sourceTree = "<group>"; };
		AB100004 /* UploadHistoryTests.swift */ = {isa = PBXFileReference; lastKnownFileType = sourcecode.swift; path = UploadHistoryTests.swift; sourceTree = "<group>"; };
		AB100013 /* ProblemsTests.swift */ = {isa = PBXFileReference; lastKnownFileType = sourcecode.swift; path = ProblemsTests.swift; sourceTree = "<group>"; };
		AB100014 /* CanvasViewportTests.swift */ = {isa = PBXFileReference; lastKnownFileType = sourcecode.swift; path = CanvasViewportTests.swift; sourceTree = "<group>"; };
		AB100005 /* HotkeyRecorderButtonTests.swift */ = {isa = PBXFileReference; lastKnownFileType = sourcecode.swift; path = HotkeyRecorderButtonTests.swift; sourceTree = "<group>"; };
		AB100006 /* CaptureAreaTests.swift */ = {isa = PBXFileReference; lastKnownFileType = sourcecode.swift; path = CaptureAreaTests.swift; sourceTree = "<group>"; };
		AB100007 /* KeystrokeOverlayTests.swift */ = {isa = PBXFileReference; lastKnownFileType = sourcecode.swift; path = KeystrokeOverlayTests.swift; sourceTree = "<group>"; };
		AB100008 /* WebcamBubbleTests.swift */ = {isa = PBXFileReference; lastKnownFileType = sourcecode.swift; path = WebcamBubbleTests.swift; sourceTree = "<group>"; };
		AB100009 /* DropboxClientTests.swift */ = {isa = PBXFileReference; lastKnownFileType = sourcecode.swift; path = DropboxClientTests.swift; sourceTree = "<group>"; };
		AB100010 /* UploadProvidersTests.swift */ = {isa = PBXFileReference; lastKnownFileType = sourcecode.swift; path = UploadProvidersTests.swift; sourceTree = "<group>"; };
/* End PBXFileReference section */

/* Begin PBXFrameworksBuildPhase section */
		AC000001 /* Frameworks */ = {
			isa = PBXFrameworksBuildPhase;
			buildActionMask = 2147483647;
			files = (
				AA000029 /* libwebp in Frameworks */,
			);
			runOnlyForDeploymentPostprocessing = 0;
		};
		AC100001 /* Frameworks */ = {
			isa = PBXFrameworksBuildPhase;
			buildActionMask = 2147483647;
			files = (
			);
			runOnlyForDeploymentPostprocessing = 0;
		};
/* End PBXFrameworksBuildPhase section */

/* Begin PBXGroup section */
		AD000001 = {
			isa = PBXGroup;
			children = (
				AD000002 /* Skryn */,
				AD100001 /* SkrynTests */,
				AD000003 /* Products */,
				AB000016 /* Signing.xcconfig */,
			);
			sourceTree = "<group>";
		};
		AD000002 /* Skryn */ = {
			isa = PBXGroup;
			children = (
				AB000001 /* SkrynApp.swift */,
				AB000002 /* AppDelegate.swift */,
				AB000003 /* ScreenCapture.swift */,
				AB000004 /* AnnotationWindow.swift */,
				AB000005 /* AnnotationView.swift */,
				AB000006 /* Annotation.swift */,
				AB000011 /* UploadcareService.swift */,
				AB000012 /* UploadHistory.swift */,
				AB000013 /* SettingsPanel.swift */,
				AB000014 /* HotkeyRecorderButton.swift */,
				AB000015 /* AboutPanel.swift */,
				AB000017 /* SelectionOverlay.swift */,
				AB000018 /* ScreenRecorder.swift */,
				AB000019 /* RecordingPanel.swift */,
				AB000020 /* RecordingOptions.swift */,
				AB000021 /* RecordingChrome.swift */,
				AB000022 /* KeystrokeOverlay.swift */,
				AB000023 /* WebcamBubble.swift */,
				AB000024 /* AnnotationTool.swift */,
				AB000025 /* AnnotationToolbar.swift */,
				AB000026 /* UploadProvider.swift */,
				AB000027 /* Notifier.swift */,
				AB000031 /* StatusHUD.swift */,
				AB000032 /* HUDKit.swift */,
				AB000033 /* OutputSettings.swift */,
				AB000034 /* ImageEncoder.swift */,
				AB000035 /* VideoExporter.swift */,
				AB000036 /* StatusMenu.swift */,
				AB000041 /* AnnotationRenderer.swift */,
				AB000056 /* CanvasViewport.swift */,
				AB000055 /* AnnotationView+Commands.swift */,
				AB000054 /* AnnotationView+Text.swift */,
				AB000042 /* Preferences.swift */,
				AB000043 /* SettingsKit.swift */,
				AB000044 /* SettingsSections.swift */,
				AB000045 /* CaptureSettingsSections.swift */,
				AB000046 /* HotkeyCenter.swift */,
				AB000047 /* RecordingSession.swift */,
				AB000048 /* RecordingOptionsBar.swift */,
				AB000049 /* Problems.swift */,
				AB000050 /* UploadCoordinator.swift */,
				AB000051 /* OutputDelivery.swift */,
				AB000052 /* MenuBarController.swift */,
				AB000053 /* WindowPresenter.swift */,
				AB000038 /* MenuBar.swift */,
				AB000039 /* MenuBarSettingsSection.swift */,
				AB000040 /* DropboxSetupGuide.swift */,
				AB000037 /* AnnotationViewSupport.swift */,
				AB000028 /* DropboxClient.swift */,
				AB000029 /* UploadcareProvider.swift */,
				AB000030 /* DropboxProvider.swift */,
				AB000007 /* Assets.xcassets */,
				AB000008 /* Skryn.entitlements */,
				AB000009 /* Info.plist */,
			);
			path = Skryn;
			sourceTree = "<group>";
		};
		AD000003 /* Products */ = {
			isa = PBXGroup;
			children = (
				AB000010 /* Skryn.app */,
				AB100002 /* SkrynTests.xctest */,
			);
			name = Products;
			sourceTree = "<group>";
		};
		AD100001 /* SkrynTests */ = {
			isa = PBXGroup;
			children = (
				AB100001 /* AnnotationViewTests.swift */,
				AB100005 /* HotkeyRecorderButtonTests.swift */,
				AB100003 /* UploadcareServiceTests.swift */,
				AB100004 /* UploadHistoryTests.swift */,
				AB100013 /* ProblemsTests.swift */,
				AB100014 /* CanvasViewportTests.swift */,
				AB100011 /* ImageEncoderTests.swift */,
				AB100012 /* VideoExporterTests.swift */,
				AB100006 /* CaptureAreaTests.swift */,
				AB100007 /* KeystrokeOverlayTests.swift */,
				AB100008 /* WebcamBubbleTests.swift */,
				AB100009 /* DropboxClientTests.swift */,
				AB100010 /* UploadProvidersTests.swift */,
			);
			path = SkrynTests;
			sourceTree = "<group>";
		};
/* End PBXGroup section */

/* Begin PBXNativeTarget section */
		AE000001 /* Skryn */ = {
			isa = PBXNativeTarget;
			buildConfigurationList = AF000003 /* Build configuration list for PBXNativeTarget "Skryn" */;
			buildPhases = (
				AE000002 /* Sources */,
				AC000001 /* Frameworks */,
				AE000003 /* Resources */,
			);
			buildRules = (
			);
			dependencies = (
			);
			name = Skryn;
			packageProductDependencies = (
				AG000002 /* libwebp */,
			);
			productName = Skryn;
			productReference = AB000010 /* Skryn.app */;
			productType = "com.apple.product-type.application";
		};
		AE100001 /* SkrynTests */ = {
			isa = PBXNativeTarget;
			buildConfigurationList = AF100001 /* Build configuration list for PBXNativeTarget "SkrynTests" */;
			buildPhases = (
				AE100002 /* Sources */,
				AC100001 /* Frameworks */,
				AE100003 /* Resources */,
			);
			buildRules = (
			);
			dependencies = (
				AE100004 /* PBXTargetDependency */,
			);
			name = SkrynTests;
			productName = SkrynTests;
			productReference = AB100002 /* SkrynTests.xctest */;
			productType = "com.apple.product-type.bundle.unit-test";
		};
/* End PBXNativeTarget section */

/* Begin PBXProject section */
		AE000004 /* Project object */ = {
			isa = PBXProject;
			attributes = {
				BuildIndependentTargetsInParallel = 1;
				LastSwiftUpdateCheck = 1500;
				LastUpgradeCheck = 1500;
				TargetAttributes = {
					AE000001 = {
						CreatedOnToolsVersion = 15.0;
					};
					AE100001 = {
						CreatedOnToolsVersion = 15.0;
						TestTargetID = AE000001;
					};
				};
			};
			buildConfigurationList = AF000001 /* Build configuration list for PBXProject "Skryn" */;
			compatibilityVersion = "Xcode 14.0";
			developmentRegion = en;
			hasScannedForEncodings = 0;
			knownRegions = (
				en,
				Base,
			);
			mainGroup = AD000001;
			packageReferences = (
				AG000001 /* XCRemoteSwiftPackageReference "libwebp-Xcode" */,
			);
			productRefGroup = AD000003 /* Products */;
			projectDirPath = "";
			projectRoot = "";
			targets = (
				AE000001 /* Skryn */,
				AE100001 /* SkrynTests */,
			);
		};
/* End PBXProject section */

/* Begin PBXResourcesBuildPhase section */
		AE000003 /* Resources */ = {
			isa = PBXResourcesBuildPhase;
			buildActionMask = 2147483647;
			files = (
				AA000007 /* Assets.xcassets in Resources */,
			);
			runOnlyForDeploymentPostprocessing = 0;
		};
		AE100003 /* Resources */ = {
			isa = PBXResourcesBuildPhase;
			buildActionMask = 2147483647;
			files = (
			);
			runOnlyForDeploymentPostprocessing = 0;
		};
/* End PBXResourcesBuildPhase section */

/* Begin PBXSourcesBuildPhase section */
		AE000002 /* Sources */ = {
			isa = PBXSourcesBuildPhase;
			buildActionMask = 2147483647;
			files = (
				AA000001 /* SkrynApp.swift in Sources */,
				AA000002 /* AppDelegate.swift in Sources */,
				AA000003 /* ScreenCapture.swift in Sources */,
				AA000004 /* AnnotationWindow.swift in Sources */,
				AA000005 /* AnnotationView.swift in Sources */,
				AA000006 /* Annotation.swift in Sources */,
				AA000008 /* UploadcareService.swift in Sources */,
				AA000009 /* UploadHistory.swift in Sources */,
				AA000010 /* SettingsPanel.swift in Sources */,
				AA000011 /* HotkeyRecorderButton.swift in Sources */,
				AA000012 /* AboutPanel.swift in Sources */,
				AA000013 /* SelectionOverlay.swift in Sources */,
				AA000014 /* ScreenRecorder.swift in Sources */,
				AA000015 /* RecordingPanel.swift in Sources */,
				AA000016 /* RecordingOptions.swift in Sources */,
				AA000017 /* RecordingChrome.swift in Sources */,
				AA000018 /* KeystrokeOverlay.swift in Sources */,
				AA000019 /* WebcamBubble.swift in Sources */,
				AA000020 /* AnnotationTool.swift in Sources */,
				AA000021 /* AnnotationToolbar.swift in Sources */,
				AA000022 /* UploadProvider.swift in Sources */,
				AA000023 /* Notifier.swift in Sources */,
				AA000027 /* StatusHUD.swift in Sources */,
				AA000028 /* HUDKit.swift in Sources */,
				AA000030 /* OutputSettings.swift in Sources */,
				AA000031 /* ImageEncoder.swift in Sources */,
				AA000032 /* VideoExporter.swift in Sources */,
				AA000033 /* StatusMenu.swift in Sources */,
				AA000038 /* AnnotationRenderer.swift in Sources */,
				AA000053 /* CanvasViewport.swift in Sources */,
				AA000052 /* AnnotationView+Commands.swift in Sources */,
				AA000051 /* AnnotationView+Text.swift in Sources */,
				AA000039 /* Preferences.swift in Sources */,
				AA000040 /* SettingsKit.swift in Sources */,
				AA000041 /* SettingsSections.swift in Sources */,
				AA000042 /* CaptureSettingsSections.swift in Sources */,
				AA000043 /* HotkeyCenter.swift in Sources */,
				AA000044 /* RecordingSession.swift in Sources */,
				AA000045 /* RecordingOptionsBar.swift in Sources */,
				AA000046 /* Problems.swift in Sources */,
				AA000047 /* UploadCoordinator.swift in Sources */,
				AA000048 /* OutputDelivery.swift in Sources */,
				AA000049 /* MenuBarController.swift in Sources */,
				AA000050 /* WindowPresenter.swift in Sources */,
				AA000035 /* MenuBar.swift in Sources */,
				AA000036 /* MenuBarSettingsSection.swift in Sources */,
				AA000037 /* DropboxSetupGuide.swift in Sources */,
				AA000034 /* AnnotationViewSupport.swift in Sources */,
				AA000024 /* DropboxClient.swift in Sources */,
				AA000025 /* UploadcareProvider.swift in Sources */,
				AA000026 /* DropboxProvider.swift in Sources */,
			);
			runOnlyForDeploymentPostprocessing = 0;
		};
		AE100002 /* Sources */ = {
			isa = PBXSourcesBuildPhase;
			buildActionMask = 2147483647;
			files = (
				AA100001 /* AnnotationViewTests.swift in Sources */,
				AA100004 /* HotkeyRecorderButtonTests.swift in Sources */,
				AA100010 /* ImageEncoderTests.swift in Sources */,
				AA100011 /* VideoExporterTests.swift in Sources */,
				AA100005 /* CaptureAreaTests.swift in Sources */,
				AA100006 /* KeystrokeOverlayTests.swift in Sources */,
				AA100007 /* WebcamBubbleTests.swift in Sources */,
				AA100008 /* DropboxClientTests.swift in Sources */,
				AA100009 /* UploadProvidersTests.swift in Sources */,
				AA100002 /* UploadcareServiceTests.swift in Sources */,
				AA100003 /* UploadHistoryTests.swift in Sources */,
				AA100012 /* ProblemsTests.swift in Sources */,
				AA100013 /* CanvasViewportTests.swift in Sources */,
			);
			runOnlyForDeploymentPostprocessing = 0;
		};
/* End PBXSourcesBuildPhase section */

/* Begin PBXTargetDependency section */
		AE100004 /* PBXTargetDependency */ = {
			isa = PBXTargetDependency;
			target = AE000001 /* Skryn */;
			targetProxy = AE100005 /* PBXContainerItemProxy */;
		};
/* End PBXTargetDependency section */

/* Begin XCBuildConfiguration section */
		AF000010 /* Debug */ = {
			isa = XCBuildConfiguration;
			baseConfigurationReference = AB000016 /* Signing.xcconfig */;
			buildSettings = {
				ALWAYS_SEARCH_USER_PATHS = NO;
				ASSETCATALOG_COMPILER_GENERATE_SWIFT_ASSET_SYMBOL_EXTENSIONS = YES;
				CLANG_ANALYZER_NONNULL = YES;
				CLANG_ANALYZER_NUMBER_OBJECT_CONVERSION = YES_AGGRESSIVE;
				CLANG_CXX_LANGUAGE_STANDARD = "gnu++20";
				CLANG_ENABLE_MODULES = YES;
				CLANG_ENABLE_OBJC_ARC = YES;
				CLANG_ENABLE_OBJC_WEAK = YES;
				CLANG_WARN_BLOCK_CAPTURE_AUTORELEASING = YES;
				CLANG_WARN_BOOL_CONVERSION = YES;
				CLANG_WARN_COMMA = YES;
				CLANG_WARN_CONSTANT_CONVERSION = YES;
				CLANG_WARN_DEPRECATED_OBJC_IMPLEMENTATIONS = YES;
				CLANG_WARN_DIRECT_OBJC_ISA_USAGE = YES_ERROR;
				CLANG_WARN_DOCUMENTATION_COMMENTS = YES;
				CLANG_WARN_EMPTY_BODY = YES;
				CLANG_WARN_ENUM_CONVERSION = YES;
				CLANG_WARN_INFINITE_RECURSION = YES;
				CLANG_WARN_INT_CONVERSION = YES;
				CLANG_WARN_NON_LITERAL_NULL_CONVERSION = YES;
				CLANG_WARN_OBJC_IMPLICIT_RETAIN_SELF = YES;
				CLANG_WARN_OBJC_LITERAL_CONVERSION = YES;
				CLANG_WARN_OBJC_ROOT_CLASS = YES_ERROR;
				CLANG_WARN_QUOTED_INCLUDE_IN_FRAMEWORK_HEADER = YES;
				CLANG_WARN_RANGE_LOOP_ANALYSIS = YES;
				CLANG_WARN_STRICT_PROTOTYPES = YES;
				CLANG_WARN_SUSPICIOUS_MOVE = YES;
				CLANG_WARN_UNGUARDED_AVAILABILITY = YES_AGGRESSIVE;
				CLANG_WARN_UNREACHABLE_CODE = YES;
				CLANG_WARN__DUPLICATE_METHOD_MATCH = YES;
				COPY_PHASE_STRIP = NO;
				DEBUG_INFORMATION_FORMAT = dwarf;
				ENABLE_STRICT_OBJC_MSGSEND = YES;
				ENABLE_TESTABILITY = YES;
				ENABLE_USER_SCRIPT_SANDBOXING = YES;
				GCC_C_LANGUAGE_STANDARD = gnu17;
				GCC_DYNAMIC_NO_PIC = NO;
				GCC_NO_COMMON_BLOCKS = YES;
				GCC_OPTIMIZATION_LEVEL = 0;
				GCC_PREPROCESSOR_DEFINITIONS = (
					"DEBUG=1",
					"$(inherited)",
				);
				GCC_WARN_64_TO_32_BIT_CONVERSION = YES;
				GCC_WARN_ABOUT_RETURN_TYPE = YES_ERROR;
				GCC_WARN_UNDECLARED_SELECTOR = YES;
				GCC_WARN_UNINITIALIZED_AUTOS = YES_AGGRESSIVE;
				GCC_WARN_UNUSED_FUNCTION = YES;
				GCC_WARN_UNUSED_VARIABLE = YES;
				MACOSX_DEPLOYMENT_TARGET = 14.0;
				MTL_ENABLE_DEBUG_INFO = INCLUDE_SOURCE;
				MTL_FAST_MATH = YES;
				ONLY_ACTIVE_ARCH = YES;
				SDKROOT = macosx;
				SWIFT_ACTIVE_COMPILATION_CONDITIONS = "DEBUG $(inherited)";
				SWIFT_OPTIMIZATION_LEVEL = "-Onone";
			};
			name = Debug;
		};
		AF000011 /* Release */ = {
			isa = XCBuildConfiguration;
			baseConfigurationReference = AB000016 /* Signing.xcconfig */;
			buildSettings = {
				ALWAYS_SEARCH_USER_PATHS = NO;
				ASSETCATALOG_COMPILER_GENERATE_SWIFT_ASSET_SYMBOL_EXTENSIONS = YES;
				CLANG_ANALYZER_NONNULL = YES;
				CLANG_ANALYZER_NUMBER_OBJECT_CONVERSION = YES_AGGRESSIVE;
				CLANG_CXX_LANGUAGE_STANDARD = "gnu++20";
				CLANG_ENABLE_MODULES = YES;
				CLANG_ENABLE_OBJC_ARC = YES;
				CLANG_ENABLE_OBJC_WEAK = YES;
				CLANG_WARN_BLOCK_CAPTURE_AUTORELEASING = YES;
				CLANG_WARN_BOOL_CONVERSION = YES;
				CLANG_WARN_COMMA = YES;
				CLANG_WARN_CONSTANT_CONVERSION = YES;
				CLANG_WARN_DEPRECATED_OBJC_IMPLEMENTATIONS = YES;
				CLANG_WARN_DIRECT_OBJC_ISA_USAGE = YES_ERROR;
				CLANG_WARN_DOCUMENTATION_COMMENTS = YES;
				CLANG_WARN_EMPTY_BODY = YES;
				CLANG_WARN_ENUM_CONVERSION = YES;
				CLANG_WARN_INFINITE_RECURSION = YES;
				CLANG_WARN_INT_CONVERSION = YES;
				CLANG_WARN_NON_LITERAL_NULL_CONVERSION = YES;
				CLANG_WARN_OBJC_IMPLICIT_RETAIN_SELF = YES;
				CLANG_WARN_OBJC_LITERAL_CONVERSION = YES;
				CLANG_WARN_OBJC_ROOT_CLASS = YES_ERROR;
				CLANG_WARN_QUOTED_INCLUDE_IN_FRAMEWORK_HEADER = YES;
				CLANG_WARN_RANGE_LOOP_ANALYSIS = YES;
				CLANG_WARN_STRICT_PROTOTYPES = YES;
				CLANG_WARN_SUSPICIOUS_MOVE = YES;
				CLANG_WARN_UNGUARDED_AVAILABILITY = YES_AGGRESSIVE;
				CLANG_WARN_UNREACHABLE_CODE = YES;
				CLANG_WARN__DUPLICATE_METHOD_MATCH = YES;
				COPY_PHASE_STRIP = NO;
				DEBUG_INFORMATION_FORMAT = "dwarf-with-dsym";
				ENABLE_NS_ASSERTIONS = NO;
				ENABLE_STRICT_OBJC_MSGSEND = YES;
				ENABLE_USER_SCRIPT_SANDBOXING = YES;
				GCC_C_LANGUAGE_STANDARD = gnu17;
				GCC_NO_COMMON_BLOCKS = YES;
				GCC_WARN_64_TO_32_BIT_CONVERSION = YES;
				GCC_WARN_ABOUT_RETURN_TYPE = YES_ERROR;
				GCC_WARN_UNDECLARED_SELECTOR = YES;
				GCC_WARN_UNINITIALIZED_AUTOS = YES_AGGRESSIVE;
				GCC_WARN_UNUSED_FUNCTION = YES;
				GCC_WARN_UNUSED_VARIABLE = YES;
				MACOSX_DEPLOYMENT_TARGET = 14.0;
				MTL_ENABLE_DEBUG_INFO = NO;
				MTL_FAST_MATH = YES;
				SDKROOT = macosx;
				SWIFT_COMPILATION_MODE = wholemodule;
			};
			name = Release;
		};
		AF000012 /* Debug */ = {
			isa = XCBuildConfiguration;
			buildSettings = {
				ASSETCATALOG_COMPILER_APPICON_NAME = AppIcon;
				CODE_SIGN_ENTITLEMENTS = Skryn/Skryn.entitlements;
				COMBINE_HIDPI_IMAGES = YES;
				CURRENT_PROJECT_VERSION = 1;
				GENERATE_INFOPLIST_FILE = YES;
				INFOPLIST_FILE = Skryn/Info.plist;
				INFOPLIST_KEY_NSHumanReadableCopyright = "";
				LD_RUNPATH_SEARCH_PATHS = (
					"$(inherited)",
					"@executable_path/../Frameworks",
				);
				MARKETING_VERSION = 0.1.7;
				PRODUCT_BUNDLE_IDENTIFIER = com.skryn.app;
				PRODUCT_NAME = "$(TARGET_NAME)";
				SWIFT_EMIT_LOC_STRINGS = YES;
				SWIFT_VERSION = 5.0;
			};
			name = Debug;
		};
		AF000013 /* Release */ = {
			isa = XCBuildConfiguration;
			buildSettings = {
				ASSETCATALOG_COMPILER_APPICON_NAME = AppIcon;
				CODE_SIGN_ENTITLEMENTS = Skryn/Skryn.entitlements;
				COMBINE_HIDPI_IMAGES = YES;
				CURRENT_PROJECT_VERSION = 1;
				GENERATE_INFOPLIST_FILE = YES;
				INFOPLIST_FILE = Skryn/Info.plist;
				INFOPLIST_KEY_NSHumanReadableCopyright = "";
				LD_RUNPATH_SEARCH_PATHS = (
					"$(inherited)",
					"@executable_path/../Frameworks",
				);
				MARKETING_VERSION = 0.1.7;
				PRODUCT_BUNDLE_IDENTIFIER = com.skryn.app;
				PRODUCT_NAME = "$(TARGET_NAME)";
				SWIFT_EMIT_LOC_STRINGS = YES;
				SWIFT_VERSION = 5.0;
			};
			name = Release;
		};
		AF100010 /* Debug */ = {
			isa = XCBuildConfiguration;
			buildSettings = {
				BUNDLE_LOADER = "$(TEST_HOST)";
				CURRENT_PROJECT_VERSION = 1;
				GENERATE_INFOPLIST_FILE = YES;
				MARKETING_VERSION = 0.1.7;
				PRODUCT_BUNDLE_IDENTIFIER = com.skryn.tests;
				PRODUCT_NAME = "$(TARGET_NAME)";
				SWIFT_EMIT_LOC_STRINGS = NO;
				SWIFT_VERSION = 5.0;
				TEST_HOST = "$(BUILT_PRODUCTS_DIR)/Skryn.app/Contents/MacOS/Skryn";
			};
			name = Debug;
		};
		AF100011 /* Release */ = {
			isa = XCBuildConfiguration;
			buildSettings = {
				BUNDLE_LOADER = "$(TEST_HOST)";
				CURRENT_PROJECT_VERSION = 1;
				GENERATE_INFOPLIST_FILE = YES;
				MARKETING_VERSION = 0.1.7;
				PRODUCT_BUNDLE_IDENTIFIER = com.skryn.tests;
				PRODUCT_NAME = "$(TARGET_NAME)";
				SWIFT_EMIT_LOC_STRINGS = NO;
				SWIFT_VERSION = 5.0;
				TEST_HOST = "$(BUILT_PRODUCTS_DIR)/Skryn.app/Contents/MacOS/Skryn";
			};
			name = Release;
		};
/* End XCBuildConfiguration section */

/* Begin XCConfigurationList section */
		AF000001 /* Build configuration list for PBXProject "Skryn" */ = {
			isa = XCConfigurationList;
			buildConfigurations = (
				AF000010 /* Debug */,
				AF000011 /* Release */,
			);
			defaultConfigurationIsVisible = 0;
			defaultConfigurationName = Release;
		};
		AF000003 /* Build configuration list for PBXNativeTarget "Skryn" */ = {
			isa = XCConfigurationList;
			buildConfigurations = (
				AF000012 /* Debug */,
				AF000013 /* Release */,
			);
			defaultConfigurationIsVisible = 0;
			defaultConfigurationName = Release;
		};
		AF100001 /* Build configuration list for PBXNativeTarget "SkrynTests" */ = {
			isa = XCConfigurationList;
			buildConfigurations = (
				AF100010 /* Debug */,
				AF100011 /* Release */,
			);
			defaultConfigurationIsVisible = 0;
			defaultConfigurationName = Release;
		};
/* End XCConfigurationList section */

/* Begin XCRemoteSwiftPackageReference section */
		AG000001 /* XCRemoteSwiftPackageReference "libwebp-Xcode" */ = {
			isa = XCRemoteSwiftPackageReference;
			repositoryURL = "https://github.com/SDWebImage/libwebp-Xcode";
			requirement = {
				kind = upToNextMajorVersion;
				minimumVersion = 1.6.0;
			};
		};
/* End XCRemoteSwiftPackageReference section */

/* Begin XCSwiftPackageProductDependency section */
		AG000002 /* libwebp */ = {
			isa = XCSwiftPackageProductDependency;
			package = AG000001 /* XCRemoteSwiftPackageReference "libwebp-Xcode" */;
			productName = libwebp;
		};
/* End XCSwiftPackageProductDependency section */

	};
	rootObject = AE000004 /* Project object */;
}
